
Microsoft Visual Studio Solution File, Format Version 12.00
# Visual Studio Version 16
VisualStudioVersion = 16.0.30523.141
MinimumVisualStudioVersion = 10.0.40219.1
Project("{9A19103F-16F7-4668-BE54-9A1E7A4F7556}") = "Web", "Web\Web.csproj", "{4EFE63FC-647E-4398-840A-50CA812E7B36}"
EndProject
Project("{FAE04EC0-301F-11D3-BF4B-00C04F79EFBC}") = "WebApi", "WebApi\WebApi.csproj", "{7260BA6B-BCE4-4719-BD38-C441C3F06843}"
EndProject
Global
	GlobalSection(SolutionConfigurationPlatforms) = preSolution
		Debug|Any CPU = Debug|Any CPU
		Release|Any CPU = Release|Any CPU
	EndGlobalSection
	GlobalSection(ProjectConfigurationPlatforms) = postSolution
		{4EFE63FC-647E-4398-840A-50CA812E7B36}.Debug|Any CPU.ActiveCfg = Debug|Any CPU
		{4EFE63FC-647E-4398-840A-50CA812E7B36}.Debug|Any CPU.Build.0 = Debug|Any CPU
		{4EFE63FC-647E-4398-840A-50CA812E7B36}.Release|Any CPU.ActiveCfg = Release|Any CPU
		{4EFE63FC-647E-4398-840A-50CA812E7B36}.Release|Any CPU.Build.0 = Release|Any CPU
		{7260BA6B-BCE4-4719-BD38-C441C3F06843}.Debug|Any CPU.ActiveCfg = Debug|Any CPU
		{7260BA6B-BCE4-4719-BD38-C441C3F06843}.Debug|Any CPU.Build.0 = Debug|Any CPU
		{7260BA6B-BCE4-4719-BD38-C441C3F06843}.Release|Any CPU.ActiveCfg = Release|Any CPU
		{7260BA6B-BCE4-4719-BD38-C441C3F06843}.Release|Any CPU.Build.0 = Release|Any CPU
	EndGlobalSection
	GlobalSection(SolutionProperties) = preSolution
		HideSolutionNode = FALSE
	EndGlobalSection
	GlobalSection(ExtensibilityGlobals) = postSolution
		SolutionGuid = {F31612F6-F764-4A21-8BD2-0D801F7F7E07}
	EndGlobalSection
EndGlobal
